<?xml version="1.0" encoding="utf-8"?>
<Project ToolsVersion="17.0" xmlns="http://schemas.microsoft.com/developer/msbuild/2003">
  <ItemGroup>
    <ClCompile Include="E:\Graphics\code\SimulationFramework-master\SimuFramework\libigl\external\glad\src\glad.c">
      <Filter>Source Files</Filter>
    </ClCompile>
  </ItemGroup>
  <ItemGroup>
    <CustomBuild Include="E:\Graphics\code\SimulationFramework-master\SimuFramework\libigl\external\glad\CMakeLists.txt" />
  </ItemGroup>
  <ItemGroup>
    <Filter Include="Source Files">
      <UniqueIdentifier>{876E45C3-ADB5-3513-B589-5FA22BF59007}</UniqueIdentifier>
    </Filter>
  </ItemGroup>
</Project>
