
Microsoft Visual Studio Solution File, Format Version 12.00
# Visual Studio Version 17
Project("{2150E333-8FDC-42A3-9474-1A3956D46DE8}") = "CMakePredefinedTargets", "CMakePredefinedTargets", "{D8B109A5-1FCA-3535-A606-691C83A5D626}"
EndProject
Project("{2150E333-8FDC-42A3-9474-1A3956D46DE8}") = "GLFW3", "GLFW3", "{E83DFA90-7842-3169-AC84-507F877AFFBF}"
EndProject
Project("{8BC9CEB8-8B4A-11D0-8D11-00A0C91BC942}") = "ALL_BUILD", "ALL_BUILD.vcxproj", "{213D2D62-5678-38B5-A999-594BDA01F3AB}"
	ProjectSection(ProjectDependencies) = postProject
		{F913537A-BBAA-374B-A7BC-8E5539A13163} = {F913537A-BBAA-374B-A7BC-8E5539A13163}
		{C8F04DC9-9C1C-314E-8D4B-C1C47E5B5E45} = {C8F04DC9-9C1C-314E-8D4B-C1C47E5B5E45}
	EndProjectSection
EndProject
Project("{8BC9CEB8-8B4A-11D0-8D11-00A0C91BC942}") = "1_earth", "1_earth.vcxproj", "{F913537A-BBAA-374B-A7BC-8E5539A13163}"
	ProjectSection(ProjectDependencies) = postProject
		{C8F04DC9-9C1C-314E-8D4B-C1C47E5B5E45} = {C8F04DC9-9C1C-314E-8D4B-C1C47E5B5E45}
		{959D96FB-74E0-35F1-A0A2-74F66E4B75A6} = {959D96FB-74E0-35F1-A0A2-74F66E4B75A6}
		{99EEC8F8-4C8B-32E9-B31F-3598C4547370} = {99EEC8F8-4C8B-32E9-B31F-3598C4547370}
		{51525DDE-9F15-301E-96A7-319492049E88} = {51525DDE-9F15-301E-96A7-319492049E88}
	EndProjectSection
EndProject
Project("{8BC9CEB8-8B4A-11D0-8D11-00A0C91BC942}") = "ZERO_CHECK", "..\\ZERO_CHECK.vcxproj", "{C8F04DC9-9C1C-314E-8D4B-C1C47E5B5E45}"
	ProjectSection(ProjectDependencies) = postProject
	EndProjectSection
EndProject
Project("{8BC9CEB8-8B4A-11D0-8D11-00A0C91BC942}") = "glad", "..\glad\glad.vcxproj", "{959D96FB-74E0-35F1-A0A2-74F66E4B75A6}"
	ProjectSection(ProjectDependencies) = postProject
		{C8F04DC9-9C1C-314E-8D4B-C1C47E5B5E45} = {C8F04DC9-9C1C-314E-8D4B-C1C47E5B5E45}
	EndProjectSection
EndProject
Project("{8BC9CEB8-8B4A-11D0-8D11-00A0C91BC942}") = "glfw", "..\glfw\src\glfw.vcxproj", "{99EEC8F8-4C8B-32E9-B31F-3598C4547370}"
	ProjectSection(ProjectDependencies) = postProject
		{C8F04DC9-9C1C-314E-8D4B-C1C47E5B5E45} = {C8F04DC9-9C1C-314E-8D4B-C1C47E5B5E45}
	EndProjectSection
EndProject
Project("{8BC9CEB8-8B4A-11D0-8D11-00A0C91BC942}") = "imgui", "..\imgui\imgui.vcxproj", "{51525DDE-9F15-301E-96A7-319492049E88}"
	ProjectSection(ProjectDependencies) = postProject
		{C8F04DC9-9C1C-314E-8D4B-C1C47E5B5E45} = {C8F04DC9-9C1C-314E-8D4B-C1C47E5B5E45}
		{959D96FB-74E0-35F1-A0A2-74F66E4B75A6} = {959D96FB-74E0-35F1-A0A2-74F66E4B75A6}
		{99EEC8F8-4C8B-32E9-B31F-3598C4547370} = {99EEC8F8-4C8B-32E9-B31F-3598C4547370}
	EndProjectSection
EndProject
Global
	GlobalSection(SolutionConfigurationPlatforms) = preSolution
		Debug|x64 = Debug|x64
		Release|x64 = Release|x64
		MinSizeRel|x64 = MinSizeRel|x64
		RelWithDebInfo|x64 = RelWithDebInfo|x64
	EndGlobalSection
	GlobalSection(ProjectConfigurationPlatforms) = postSolution
		{213D2D62-5678-38B5-A999-594BDA01F3AB}.Debug|x64.ActiveCfg = Debug|x64
		{213D2D62-5678-38B5-A999-594BDA01F3AB}.Release|x64.ActiveCfg = Release|x64
		{213D2D62-5678-38B5-A999-594BDA01F3AB}.MinSizeRel|x64.ActiveCfg = MinSizeRel|x64
		{213D2D62-5678-38B5-A999-594BDA01F3AB}.RelWithDebInfo|x64.ActiveCfg = RelWithDebInfo|x64
		{F913537A-BBAA-374B-A7BC-8E5539A13163}.Debug|x64.ActiveCfg = Debug|x64
		{F913537A-BBAA-374B-A7BC-8E5539A13163}.Debug|x64.Build.0 = Debug|x64
		{F913537A-BBAA-374B-A7BC-8E5539A13163}.Release|x64.ActiveCfg = Release|x64
		{F913537A-BBAA-374B-A7BC-8E5539A13163}.Release|x64.Build.0 = Release|x64
		{F913537A-BBAA-374B-A7BC-8E5539A13163}.MinSizeRel|x64.ActiveCfg = MinSizeRel|x64
		{F913537A-BBAA-374B-A7BC-8E5539A13163}.MinSizeRel|x64.Build.0 = MinSizeRel|x64
		{F913537A-BBAA-374B-A7BC-8E5539A13163}.RelWithDebInfo|x64.ActiveCfg = RelWithDebInfo|x64
		{F913537A-BBAA-374B-A7BC-8E5539A13163}.RelWithDebInfo|x64.Build.0 = RelWithDebInfo|x64
		{C8F04DC9-9C1C-314E-8D4B-C1C47E5B5E45}.Debug|x64.ActiveCfg = Debug|x64
		{C8F04DC9-9C1C-314E-8D4B-C1C47E5B5E45}.Debug|x64.Build.0 = Debug|x64
		{C8F04DC9-9C1C-314E-8D4B-C1C47E5B5E45}.Release|x64.ActiveCfg = Release|x64
		{C8F04DC9-9C1C-314E-8D4B-C1C47E5B5E45}.Release|x64.Build.0 = Release|x64
		{C8F04DC9-9C1C-314E-8D4B-C1C47E5B5E45}.MinSizeRel|x64.ActiveCfg = MinSizeRel|x64
		{C8F04DC9-9C1C-314E-8D4B-C1C47E5B5E45}.MinSizeRel|x64.Build.0 = MinSizeRel|x64
		{C8F04DC9-9C1C-314E-8D4B-C1C47E5B5E45}.RelWithDebInfo|x64.ActiveCfg = RelWithDebInfo|x64
		{C8F04DC9-9C1C-314E-8D4B-C1C47E5B5E45}.RelWithDebInfo|x64.Build.0 = RelWithDebInfo|x64
		{959D96FB-74E0-35F1-A0A2-74F66E4B75A6}.Debug|x64.ActiveCfg = Debug|x64
		{959D96FB-74E0-35F1-A0A2-74F66E4B75A6}.Debug|x64.Build.0 = Debug|x64
		{959D96FB-74E0-35F1-A0A2-74F66E4B75A6}.Release|x64.ActiveCfg = Release|x64
		{959D96FB-74E0-35F1-A0A2-74F66E4B75A6}.Release|x64.Build.0 = Release|x64
		{959D96FB-74E0-35F1-A0A2-74F66E4B75A6}.MinSizeRel|x64.ActiveCfg = MinSizeRel|x64
		{959D96FB-74E0-35F1-A0A2-74F66E4B75A6}.MinSizeRel|x64.Build.0 = MinSizeRel|x64
		{959D96FB-74E0-35F1-A0A2-74F66E4B75A6}.RelWithDebInfo|x64.ActiveCfg = RelWithDebInfo|x64
		{959D96FB-74E0-35F1-A0A2-74F66E4B75A6}.RelWithDebInfo|x64.Build.0 = RelWithDebInfo|x64
		{99EEC8F8-4C8B-32E9-B31F-3598C4547370}.Debug|x64.ActiveCfg = Debug|x64
		{99EEC8F8-4C8B-32E9-B31F-3598C4547370}.Debug|x64.Build.0 = Debug|x64
		{99EEC8F8-4C8B-32E9-B31F-3598C4547370}.Release|x64.ActiveCfg = Release|x64
		{99EEC8F8-4C8B-32E9-B31F-3598C4547370}.Release|x64.Build.0 = Release|x64
		{99EEC8F8-4C8B-32E9-B31F-3598C4547370}.MinSizeRel|x64.ActiveCfg = MinSizeRel|x64
		{99EEC8F8-4C8B-32E9-B31F-3598C4547370}.MinSizeRel|x64.Build.0 = MinSizeRel|x64
		{99EEC8F8-4C8B-32E9-B31F-3598C4547370}.RelWithDebInfo|x64.ActiveCfg = RelWithDebInfo|x64
		{99EEC8F8-4C8B-32E9-B31F-3598C4547370}.RelWithDebInfo|x64.Build.0 = RelWithDebInfo|x64
		{51525DDE-9F15-301E-96A7-319492049E88}.Debug|x64.ActiveCfg = Debug|x64
		{51525DDE-9F15-301E-96A7-319492049E88}.Debug|x64.Build.0 = Debug|x64
		{51525DDE-9F15-301E-96A7-319492049E88}.Release|x64.ActiveCfg = Release|x64
		{51525DDE-9F15-301E-96A7-319492049E88}.Release|x64.Build.0 = Release|x64
		{51525DDE-9F15-301E-96A7-319492049E88}.MinSizeRel|x64.ActiveCfg = MinSizeRel|x64
		{51525DDE-9F15-301E-96A7-319492049E88}.MinSizeRel|x64.Build.0 = MinSizeRel|x64
		{51525DDE-9F15-301E-96A7-319492049E88}.RelWithDebInfo|x64.ActiveCfg = RelWithDebInfo|x64
		{51525DDE-9F15-301E-96A7-319492049E88}.RelWithDebInfo|x64.Build.0 = RelWithDebInfo|x64
	EndGlobalSection
	GlobalSection(NestedProjects) = preSolution
		{213D2D62-5678-38B5-A999-594BDA01F3AB} = {D8B109A5-1FCA-3535-A606-691C83A5D626}
		{C8F04DC9-9C1C-314E-8D4B-C1C47E5B5E45} = {D8B109A5-1FCA-3535-A606-691C83A5D626}
		{99EEC8F8-4C8B-32E9-B31F-3598C4547370} = {E83DFA90-7842-3169-AC84-507F877AFFBF}
	EndGlobalSection
	GlobalSection(ExtensibilityGlobals) = postSolution
		SolutionGuid = {E31464BB-AD53-3E35-852D-48F65A8A14DE}
	EndGlobalSection
	GlobalSection(ExtensibilityAddIns) = postSolution
	EndGlobalSection
EndGlobal
