
Microsoft Visual Studio Solution File, Format Version 12.00
# Visual Studio Version 17
Project("{2150E333-8FDC-42A3-9474-1A3956D46DE8}") = "CMakePredefinedTargets", "CMakePredefinedTargets", "{D8B109A5-1FCA-3535-A606-691C83A5D626}"
EndProject
Project("{2150E333-8FDC-42A3-9474-1A3956D46DE8}") = "GLFW3", "GLFW3", "{E83DFA90-7842-3169-AC84-507F877AFFBF}"
EndProject
Project("{8BC9CEB8-8B4A-11D0-8D11-00A0C91BC942}") = "ALL_BUILD", "ALL_BUILD.vcxproj", "{213D2D62-5678-38B5-A999-594BDA01F3AB}"
	ProjectSection(ProjectDependencies) = postProject
		{C8F04DC9-9C1C-314E-8D4B-C1C47E5B5E45} = {C8F04DC9-9C1C-314E-8D4B-C1C47E5B5E45}
		{99EEC8F8-4C8B-32E9-B31F-3598C4547370} = {99EEC8F8-4C8B-32E9-B31F-3598C4547370}
	EndProjectSection
EndProject
Project("{8BC9CEB8-8B4A-11D0-8D11-00A0C91BC942}") = "ZERO_CHECK", "..\\ZERO_CHECK.vcxproj", "{C8F04DC9-9C1C-314E-8D4B-C1C47E5B5E45}"
	ProjectSection(ProjectDependencies) = postProject
	EndProjectSection
EndProject
Project("{8BC9CEB8-8B4A-11D0-8D11-00A0C91BC942}") = "glfw", "src\glfw.vcxproj", "{99EEC8F8-4C8B-32E9-B31F-3598C4547370}"
	ProjectSection(ProjectDependencies) = postProject
		{C8F04DC9-9C1C-314E-8D4B-C1C47E5B5E45} = {C8F04DC9-9C1C-314E-8D4B-C1C47E5B5E45}
	EndProjectSection
EndProject
Global
	GlobalSection(SolutionConfigurationPlatforms) = preSolution
		Debug|x64 = Debug|x64
		Release|x64 = Release|x64
		MinSizeRel|x64 = MinSizeRel|x64
		RelWithDebInfo|x64 = RelWithDebInfo|x64
	EndGlobalSection
	GlobalSection(ProjectConfigurationPlatforms) = postSolution
		{213D2D62-5678-38B5-A999-594BDA01F3AB}.Debug|x64.ActiveCfg = Debug|x64
		{213D2D62-5678-38B5-A999-594BDA01F3AB}.Release|x64.ActiveCfg = Release|x64
		{213D2D62-5678-38B5-A999-594BDA01F3AB}.MinSizeRel|x64.ActiveCfg = MinSizeRel|x64
		{213D2D62-5678-38B5-A999-594BDA01F3AB}.RelWithDebInfo|x64.ActiveCfg = RelWithDebInfo|x64
		{C8F04DC9-9C1C-314E-8D4B-C1C47E5B5E45}.Debug|x64.ActiveCfg = Debug|x64
		{C8F04DC9-9C1C-314E-8D4B-C1C47E5B5E45}.Debug|x64.Build.0 = Debug|x64
		{C8F04DC9-9C1C-314E-8D4B-C1C47E5B5E45}.Release|x64.ActiveCfg = Release|x64
		{C8F04DC9-9C1C-314E-8D4B-C1C47E5B5E45}.Release|x64.Build.0 = Release|x64
		{C8F04DC9-9C1C-314E-8D4B-C1C47E5B5E45}.MinSizeRel|x64.ActiveCfg = MinSizeRel|x64
		{C8F04DC9-9C1C-314E-8D4B-C1C47E5B5E45}.MinSizeRel|x64.Build.0 = MinSizeRel|x64
		{C8F04DC9-9C1C-314E-8D4B-C1C47E5B5E45}.RelWithDebInfo|x64.ActiveCfg = RelWithDebInfo|x64
		{C8F04DC9-9C1C-314E-8D4B-C1C47E5B5E45}.RelWithDebInfo|x64.Build.0 = RelWithDebInfo|x64
		{99EEC8F8-4C8B-32E9-B31F-3598C4547370}.Debug|x64.ActiveCfg = Debug|x64
		{99EEC8F8-4C8B-32E9-B31F-3598C4547370}.Debug|x64.Build.0 = Debug|x64
		{99EEC8F8-4C8B-32E9-B31F-3598C4547370}.Release|x64.ActiveCfg = Release|x64
		{99EEC8F8-4C8B-32E9-B31F-3598C4547370}.Release|x64.Build.0 = Release|x64
		{99EEC8F8-4C8B-32E9-B31F-3598C4547370}.MinSizeRel|x64.ActiveCfg = MinSizeRel|x64
		{99EEC8F8-4C8B-32E9-B31F-3598C4547370}.MinSizeRel|x64.Build.0 = MinSizeRel|x64
		{99EEC8F8-4C8B-32E9-B31F-3598C4547370}.RelWithDebInfo|x64.ActiveCfg = RelWithDebInfo|x64
		{99EEC8F8-4C8B-32E9-B31F-3598C4547370}.RelWithDebInfo|x64.Build.0 = RelWithDebInfo|x64
	EndGlobalSection
	GlobalSection(NestedProjects) = preSolution
		{213D2D62-5678-38B5-A999-594BDA01F3AB} = {D8B109A5-1FCA-3535-A606-691C83A5D626}
		{C8F04DC9-9C1C-314E-8D4B-C1C47E5B5E45} = {D8B109A5-1FCA-3535-A606-691C83A5D626}
		{99EEC8F8-4C8B-32E9-B31F-3598C4547370} = {E83DFA90-7842-3169-AC84-507F877AFFBF}
	EndGlobalSection
	GlobalSection(ExtensibilityGlobals) = postSolution
		SolutionGuid = {8DE6327A-C135-3E3A-AF00-107798B75D48}
	EndGlobalSection
	GlobalSection(ExtensibilityAddIns) = postSolution
	EndGlobalSection
EndGlobal
